
Microsoft Visual Studio Solution File, Format Version 12.00
# Visual Studio Version 16
VisualStudioVersion = 16.0.30803.129
MinimumVisualStudioVersion = 10.0.40219.1
Project("{9A19103F-16F7-4668-BE54-9A1E7A4F7556}") = "Fooreco.CAP", "src\Fooreco.CAP\Fooreco.CAP.csproj", "{5DD07CBD-5169-4264-B970-421B2E79D571}"
EndProject
Project("{9A19103F-16F7-4668-BE54-9A1E7A4F7556}") = "Fooreco.CAP.AmazonSQS", "src\Fooreco.CAP.AmazonSQS\Fooreco.CAP.AmazonSQS.csproj", "{3695CE01-438C-48D9-AD65-E43503718AEB}"
EndProject
Project("{9A19103F-16F7-4668-BE54-9A1E7A4F7556}") = "Fooreco.CAP.Dashboard", "src\Fooreco.CAP.Dashboard\Fooreco.CAP.Dashboard.csproj", "{33B0E8C3-D895-4354-AD93-E351BB1A22A8}"
EndProject
Project("{9A19103F-16F7-4668-BE54-9A1E7A4F7556}") = "Fooreco.CAP.PostgreSql", "src\Fooreco.CAP.PostgreSql\Fooreco.CAP.PostgreSql.csproj", "{957199E5-B6B7-4DFF-ACBE-A537D9BDC127}"
EndProject
Project("{9A19103F-16F7-4668-BE54-9A1E7A4F7556}") = "Fooreco.CAP.Producer", "src\Fooreco.Cap.Producer\Fooreco.CAP.Producer.csproj", "{7A20B02A-0D2D-4E2D-9D75-39A513A6DAB7}"
EndProject
Project("{9A19103F-16F7-4668-BE54-9A1E7A4F7556}") = "Fooreco.CAP.Test", "test\Fooreco.CAP.Test\Fooreco.CAP.Test.csproj", "{167593E6-0F2E-43CA-A6A1-C467C8FD62FC}"
EndProject
Project("{2150E333-8FDC-42A3-9474-1A3956D46DE8}") = "Solution Items", "Solution Items", "{59145534-4130-4BBF-9B36-3BB4A77205F6}"
	ProjectSection(SolutionItems) = preProject
		eng\Common.props = eng\Common.props
		eng\Version.props = eng\Version.props
	EndProjectSection
EndProject
Project("{9A19103F-16F7-4668-BE54-9A1E7A4F7556}") = "Fooreco.CAP.Consumer", "src\Fooreco.CAP.Consumer\Fooreco.CAP.Consumer.csproj", "{460412D4-BD59-4EA2-9776-0C4ED30CBFCF}"
EndProject
Project("{9A19103F-16F7-4668-BE54-9A1E7A4F7556}") = "Fooreco.CAP.Producer.Demo", "examples\Fooreco.CAP.Producer.Demo\Fooreco.CAP.Producer.Demo.csproj", "{0882D414-D390-4C2C-B7F2-EA298F5B385A}"
EndProject
Project("{9A19103F-16F7-4668-BE54-9A1E7A4F7556}") = "Fooreco.Cap.Consumer.Demo", "examples\Fooreco.CAP.Consumer.Demo\Fooreco.Cap.Consumer.Demo.csproj", "{643507BD-AD7B-4AAC-8259-D4FB4925D7D9}"
EndProject
Project("{9A19103F-16F7-4668-BE54-9A1E7A4F7556}") = "Fooreco.CAP.Dashboard.Demo", "examples\Fooreco.CAP.Dashboard.Demo\Fooreco.CAP.Dashboard.Demo.csproj", "{3A2AC77E-ED1C-494F-9ABC-7B5B63B890FF}"
EndProject
Project("{2150E333-8FDC-42A3-9474-1A3956D46DE8}") = "Examples", "Examples", "{4750629B-489A-4CF9-9F47-64474B1A06A7}"
EndProject
Project("{FAE04EC0-301F-11D3-BF4B-00C04F79EFBC}") = "Fooreco.Cap.Client.Demo", "examples\Fooreco.Cap.Client.Demo\Fooreco.Cap.Client.Demo.csproj", "{9F88AD36-1C14-41A3-B0DE-8B239CD0CF2A}"
EndProject
Project("{FAE04EC0-301F-11D3-BF4B-00C04F79EFBC}") = "Fooreco.Cap.Common.Demo", "examples\Fooreco.Cap.Common.Demo\Fooreco.Cap.Common.Demo.csproj", "{E82829B2-AAF8-4C23-AA7D-D22A4B71EAAC}"
EndProject
Project("{2150E333-8FDC-42A3-9474-1A3956D46DE8}") = "Tests", "Tests", "{0F66E363-6668-4D43-8366-E4EEA0EDEA88}"
EndProject
Global
	GlobalSection(SolutionConfigurationPlatforms) = preSolution
		Debug|Any CPU = Debug|Any CPU
		Release|Any CPU = Release|Any CPU
	EndGlobalSection
	GlobalSection(ProjectConfigurationPlatforms) = postSolution
		{5DD07CBD-5169-4264-B970-421B2E79D571}.Debug|Any CPU.ActiveCfg = Debug|Any CPU
		{5DD07CBD-5169-4264-B970-421B2E79D571}.Debug|Any CPU.Build.0 = Debug|Any CPU
		{5DD07CBD-5169-4264-B970-421B2E79D571}.Release|Any CPU.ActiveCfg = Release|Any CPU
		{5DD07CBD-5169-4264-B970-421B2E79D571}.Release|Any CPU.Build.0 = Release|Any CPU
		{3695CE01-438C-48D9-AD65-E43503718AEB}.Debug|Any CPU.ActiveCfg = Debug|Any CPU
		{3695CE01-438C-48D9-AD65-E43503718AEB}.Debug|Any CPU.Build.0 = Debug|Any CPU
		{3695CE01-438C-48D9-AD65-E43503718AEB}.Release|Any CPU.ActiveCfg = Release|Any CPU
		{3695CE01-438C-48D9-AD65-E43503718AEB}.Release|Any CPU.Build.0 = Release|Any CPU
		{33B0E8C3-D895-4354-AD93-E351BB1A22A8}.Debug|Any CPU.ActiveCfg = Debug|Any CPU
		{33B0E8C3-D895-4354-AD93-E351BB1A22A8}.Debug|Any CPU.Build.0 = Debug|Any CPU
		{33B0E8C3-D895-4354-AD93-E351BB1A22A8}.Release|Any CPU.ActiveCfg = Release|Any CPU
		{33B0E8C3-D895-4354-AD93-E351BB1A22A8}.Release|Any CPU.Build.0 = Release|Any CPU
		{957199E5-B6B7-4DFF-ACBE-A537D9BDC127}.Debug|Any CPU.ActiveCfg = Debug|Any CPU
		{957199E5-B6B7-4DFF-ACBE-A537D9BDC127}.Debug|Any CPU.Build.0 = Debug|Any CPU
		{957199E5-B6B7-4DFF-ACBE-A537D9BDC127}.Release|Any CPU.ActiveCfg = Release|Any CPU
		{957199E5-B6B7-4DFF-ACBE-A537D9BDC127}.Release|Any CPU.Build.0 = Release|Any CPU
		{7A20B02A-0D2D-4E2D-9D75-39A513A6DAB7}.Debug|Any CPU.ActiveCfg = Debug|Any CPU
		{7A20B02A-0D2D-4E2D-9D75-39A513A6DAB7}.Debug|Any CPU.Build.0 = Debug|Any CPU
		{7A20B02A-0D2D-4E2D-9D75-39A513A6DAB7}.Release|Any CPU.ActiveCfg = Release|Any CPU
		{7A20B02A-0D2D-4E2D-9D75-39A513A6DAB7}.Release|Any CPU.Build.0 = Release|Any CPU
		{167593E6-0F2E-43CA-A6A1-C467C8FD62FC}.Debug|Any CPU.ActiveCfg = Debug|Any CPU
		{167593E6-0F2E-43CA-A6A1-C467C8FD62FC}.Debug|Any CPU.Build.0 = Debug|Any CPU
		{167593E6-0F2E-43CA-A6A1-C467C8FD62FC}.Release|Any CPU.ActiveCfg = Release|Any CPU
		{167593E6-0F2E-43CA-A6A1-C467C8FD62FC}.Release|Any CPU.Build.0 = Release|Any CPU
		{460412D4-BD59-4EA2-9776-0C4ED30CBFCF}.Debug|Any CPU.ActiveCfg = Debug|Any CPU
		{460412D4-BD59-4EA2-9776-0C4ED30CBFCF}.Debug|Any CPU.Build.0 = Debug|Any CPU
		{460412D4-BD59-4EA2-9776-0C4ED30CBFCF}.Release|Any CPU.ActiveCfg = Release|Any CPU
		{460412D4-BD59-4EA2-9776-0C4ED30CBFCF}.Release|Any CPU.Build.0 = Release|Any CPU
		{0882D414-D390-4C2C-B7F2-EA298F5B385A}.Debug|Any CPU.ActiveCfg = Debug|Any CPU
		{0882D414-D390-4C2C-B7F2-EA298F5B385A}.Debug|Any CPU.Build.0 = Debug|Any CPU
		{0882D414-D390-4C2C-B7F2-EA298F5B385A}.Release|Any CPU.ActiveCfg = Release|Any CPU
		{0882D414-D390-4C2C-B7F2-EA298F5B385A}.Release|Any CPU.Build.0 = Release|Any CPU
		{643507BD-AD7B-4AAC-8259-D4FB4925D7D9}.Debug|Any CPU.ActiveCfg = Debug|Any CPU
		{643507BD-AD7B-4AAC-8259-D4FB4925D7D9}.Debug|Any CPU.Build.0 = Debug|Any CPU
		{643507BD-AD7B-4AAC-8259-D4FB4925D7D9}.Release|Any CPU.ActiveCfg = Release|Any CPU
		{643507BD-AD7B-4AAC-8259-D4FB4925D7D9}.Release|Any CPU.Build.0 = Release|Any CPU
		{3A2AC77E-ED1C-494F-9ABC-7B5B63B890FF}.Debug|Any CPU.ActiveCfg = Debug|Any CPU
		{3A2AC77E-ED1C-494F-9ABC-7B5B63B890FF}.Debug|Any CPU.Build.0 = Debug|Any CPU
		{3A2AC77E-ED1C-494F-9ABC-7B5B63B890FF}.Release|Any CPU.ActiveCfg = Release|Any CPU
		{3A2AC77E-ED1C-494F-9ABC-7B5B63B890FF}.Release|Any CPU.Build.0 = Release|Any CPU
		{9F88AD36-1C14-41A3-B0DE-8B239CD0CF2A}.Debug|Any CPU.ActiveCfg = Debug|Any CPU
		{9F88AD36-1C14-41A3-B0DE-8B239CD0CF2A}.Debug|Any CPU.Build.0 = Debug|Any CPU
		{9F88AD36-1C14-41A3-B0DE-8B239CD0CF2A}.Release|Any CPU.ActiveCfg = Release|Any CPU
		{9F88AD36-1C14-41A3-B0DE-8B239CD0CF2A}.Release|Any CPU.Build.0 = Release|Any CPU
		{E82829B2-AAF8-4C23-AA7D-D22A4B71EAAC}.Debug|Any CPU.ActiveCfg = Debug|Any CPU
		{E82829B2-AAF8-4C23-AA7D-D22A4B71EAAC}.Debug|Any CPU.Build.0 = Debug|Any CPU
		{E82829B2-AAF8-4C23-AA7D-D22A4B71EAAC}.Release|Any CPU.ActiveCfg = Release|Any CPU
		{E82829B2-AAF8-4C23-AA7D-D22A4B71EAAC}.Release|Any CPU.Build.0 = Release|Any CPU
	EndGlobalSection
	GlobalSection(SolutionProperties) = preSolution
		HideSolutionNode = FALSE
	EndGlobalSection
	GlobalSection(NestedProjects) = preSolution
		{0882D414-D390-4C2C-B7F2-EA298F5B385A} = {4750629B-489A-4CF9-9F47-64474B1A06A7}
		{643507BD-AD7B-4AAC-8259-D4FB4925D7D9} = {4750629B-489A-4CF9-9F47-64474B1A06A7}
		{3A2AC77E-ED1C-494F-9ABC-7B5B63B890FF} = {4750629B-489A-4CF9-9F47-64474B1A06A7}
		{9F88AD36-1C14-41A3-B0DE-8B239CD0CF2A} = {4750629B-489A-4CF9-9F47-64474B1A06A7}
		{E82829B2-AAF8-4C23-AA7D-D22A4B71EAAC} = {4750629B-489A-4CF9-9F47-64474B1A06A7}
		{167593E6-0F2E-43CA-A6A1-C467C8FD62FC} = {0F66E363-6668-4D43-8366-E4EEA0EDEA88}
	EndGlobalSection
	GlobalSection(ExtensibilityGlobals) = postSolution
		SolutionGuid = {658C906E-D2BD-4278-90E3-3CAA34D1C138}
	EndGlobalSection
EndGlobal
